{
  "name": "db",
  "version": "1.0.0",
  "lockfileVersion": 3,
  "requires": true,
  "packages": {
    "": {
      "name": "db",
      "version": "1.0.0",
      "license": "ISC",
      "devDependencies": {
        "metaproject": "file:../../../../../metaproject/core"
      }
    },
    "../../../../../metaproject/core": {
      "name": "metaproject",
      "version": "0.6.2",
      "dev": true,
      "dependencies": {
        "esbuild": "^0.25.0",
        "lit": "3.3.3",
        "yaml": "2.8.1"
      },
      "bin": {
        "metaproject": "bin/metaproject.js"
      },
      "engines": {
        "node": ">=20.19.0"
      },
      "peerDependencies": {
        "vite": ">=6"
      },
      "peerDependenciesMeta": {
        "vite": {
          "optional": true
        }
      }
    },
    "node_modules/metaproject": {
      "resolved": "../../../../../metaproject/core",
      "link": true
    }
  }
}
